
Microsoft Visual Studio Solution File, Format Version 12.00
# Visual Studio 15
VisualStudioVersion = 15.0.28307.271
MinimumVisualStudioVersion = 10.0.40219.1
Project("{888888A0-9F3D-457C-B088-3A5042F75D52}") = "BabelLibrary", "BabelLibrary\BabelLibrary.pyproj", "{6FF18723-6BC1-42ED-90DB-DE2B65B3AE6A}"
EndProject
Project("{FAE04EC0-301F-11D3-BF4B-00C04F79EFBC}") = "BooksInfo", "BooksInfo\BooksInfo.csproj", "{A21B9EDA-9D92-4BED-A572-DCEBB3250847}"
EndProject
Global
	GlobalSection(SolutionConfigurationPlatforms) = preSolution
		Debug|Any CPU = Debug|Any CPU
		Release|Any CPU = Release|Any CPU
	EndGlobalSection
	GlobalSection(ProjectConfigurationPlatforms) = postSolution
		{6FF18723-6BC1-42ED-90DB-DE2B65B3AE6A}.Debug|Any CPU.ActiveCfg = Debug|Any CPU
		{6FF18723-6BC1-42ED-90DB-DE2B65B3AE6A}.Debug|Any CPU.Build.0 = Debug|Any CPU
		{6FF18723-6BC1-42ED-90DB-DE2B65B3AE6A}.Release|Any CPU.ActiveCfg = Release|Any CPU
		{6FF18723-6BC1-42ED-90DB-DE2B65B3AE6A}.Release|Any CPU.Build.0 = Release|Any CPU
		{A21B9EDA-9D92-4BED-A572-DCEBB3250847}.Debug|Any CPU.ActiveCfg = Debug|Any CPU
		{A21B9EDA-9D92-4BED-A572-DCEBB3250847}.Debug|Any CPU.Build.0 = Debug|Any CPU
		{A21B9EDA-9D92-4BED-A572-DCEBB3250847}.Release|Any CPU.ActiveCfg = Release|Any CPU
		{A21B9EDA-9D92-4BED-A572-DCEBB3250847}.Release|Any CPU.Build.0 = Release|Any CPU
	EndGlobalSection
	GlobalSection(SolutionProperties) = preSolution
		HideSolutionNode = FALSE
	EndGlobalSection
	GlobalSection(ExtensibilityGlobals) = postSolution
		SolutionGuid = {346DE1C9-1823-4058-8EA7-2859BD506CFC}
	EndGlobalSection
EndGlobal
